
Microsoft Visual Studio Solution File, Format Version 12.00
# Visual Studio Version 17
VisualStudioVersion = 17.14.36623.8 d17.14
MinimumVisualStudioVersion = 10.0.40219.1
Project("{FAE04EC0-301F-11D3-BF4B-00C04F79EFBC}") = "Hello-World", "Hello-World\Hello-World.csproj", "{EFD3C6C9-9277-41F3-8CB2-748E289F8465}"
EndProject
Global
	GlobalSection(SolutionConfigurationPlatforms) = preSolution
		Debug|Any CPU = Debug|Any CPU
		Release|Any CPU = Release|Any CPU
	EndGlobalSection
	GlobalSection(ProjectConfigurationPlatforms) = postSolution
		{EFD3C6C9-9277-41F3-8CB2-748E289F8465}.Debug|Any CPU.ActiveCfg = Debug|Any CPU
		{EFD3C6C9-9277-41F3-8CB2-748E289F8465}.Debug|Any CPU.Build.0 = Debug|Any CPU
		{EFD3C6C9-9277-41F3-8CB2-748E289F8465}.Release|Any CPU.ActiveCfg = Release|Any CPU
		{EFD3C6C9-9277-41F3-8CB2-748E289F8465}.Release|Any CPU.Build.0 = Release|Any CPU
	EndGlobalSection
	GlobalSection(SolutionProperties) = preSolution
		HideSolutionNode = FALSE
	EndGlobalSection
	GlobalSection(ExtensibilityGlobals) = postSolution
		SolutionGuid = {49BED3ED-2DDF-4E5E-ADDC-57436F9F5045}
	EndGlobalSection
EndGlobal
